
Microsoft Visual Studio Solution File, Format Version 12.00
# Visual Studio 14
VisualStudioVersion = 14.0.25420.1
MinimumVisualStudioVersion = 10.0.40219.1
Project("{2150E333-8FDC-42A3-9474-1A3956D46DE8}") = "3 - Domain", "3 - Domain", "{4301DB85-02AC-4CDC-B918-4189B237D22F}"
EndProject
Project("{2150E333-8FDC-42A3-9474-1A3956D46DE8}") = "2 - Presentation", "2 - Presentation", "{0C14F2E0-5A64-471A-9B74-7D19E387604C}"
EndProject
Project("{2150E333-8FDC-42A3-9474-1A3956D46DE8}") = "1-1 - Front", "1-1 - Front", "{906966B1-85C1-42BA-B340-8B5D226E8021}"
EndProject
Project("{2150E333-8FDC-42A3-9474-1A3956D46DE8}") = "1-2 - Admin", "1-2 - Admin", "{6501032A-44CC-4103-A9EB-2DE344B7F337}"
EndProject
Project("{2150E333-8FDC-42A3-9474-1A3956D46DE8}") = "2-5 - Order", "2-5 - Order", "{07D667E3-8B8C-4FAE-988F-23C416E5AD29}"
EndProject
Project("{2150E333-8FDC-42A3-9474-1A3956D46DE8}") = "2-6 - Balance", "2-6 - Balance", "{F1322F86-597F-49AC-86D9-AEC09341107F}"
EndProject
Project("{2150E333-8FDC-42A3-9474-1A3956D46DE8}") = "2-1 - Account", "2-1 - Account", "{66A37AED-9E17-41FD-92DC-1876A1D7E89D}"
EndProject
Project("{2150E333-8FDC-42A3-9474-1A3956D46DE8}") = "2-4 - Odds", "2-4 - Odds", "{F94DBF63-9C22-4FDE-A28F-84AA8DB69B2D}"
EndProject
Project("{2150E333-8FDC-42A3-9474-1A3956D46DE8}") = "2-3 - Periods", "2-3 - Periods", "{737339E1-B406-4278-ADAE-2171A0EFDCBC}"
EndProject
Project("{FAE04EC0-301F-11D3-BF4B-00C04F79EFBC}") = "JDI.Game.Service.Account", "JDI.Game.Service.Account\JDI.Game.Service.Account.csproj", "{5AE2E99F-3ACE-4743-AE99-FA8BFDBB0DF5}"
EndProject
Project("{FAE04EC0-301F-11D3-BF4B-00C04F79EFBC}") = "JDI.Game.Service.Periods", "JDI.Game.Service.Periods\JDI.Game.Service.Periods.csproj", "{780CCF2E-2118-409B-A70A-AFF4F0521420}"
EndProject
Project("{FAE04EC0-301F-11D3-BF4B-00C04F79EFBC}") = "JDI.Game.Service.Odds", "JDI.Game.Service.Odds\JDI.Game.Service.Odds.csproj", "{A25A7943-95F0-4669-BE08-8FC81397E1BA}"
EndProject
Project("{FAE04EC0-301F-11D3-BF4B-00C04F79EFBC}") = "JDI.Game.Service.Order", "JDI.Game.Service.Order\JDI.Game.Service.Order.csproj", "{EE7C3AB8-EDA0-4A49-AB54-E5F6A9A8FC53}"
EndProject
Project("{FAE04EC0-301F-11D3-BF4B-00C04F79EFBC}") = "JDI.Game.Service.Balance", "JDI.Game.Service.Balance\JDI.Game.Service.Balance.csproj", "{04416C22-6BC1-4A46-A953-A9DCA0DF542F}"
EndProject
Project("{FAE04EC0-301F-11D3-BF4B-00C04F79EFBC}") = "JDI.Game.Web.Front", "JDI.Game.Web.Front\JDI.Game.Web.Front.csproj", "{7F869010-B06A-431A-9898-C99E1479A86E}"
EndProject
Project("{FAE04EC0-301F-11D3-BF4B-00C04F79EFBC}") = "JDI.Game.Web.Admin", "JDI.Game.Web.Admin\JDI.Game.Web.Admin.csproj", "{2BB47097-C2C5-4EAF-A35C-FE34CCF668E4}"
EndProject
Project("{2150E333-8FDC-42A3-9474-1A3956D46DE8}") = "2-2 - Config", "2-2 - Config", "{AC34F373-EE36-4C16-BACB-85CEEB8D0987}"
EndProject
Project("{FAE04EC0-301F-11D3-BF4B-00C04F79EFBC}") = "JDI.Game.Service.Config", "JDI.Game.Service.Config\JDI.Game.Service.Config.csproj", "{F7890C31-27E1-4040-8DA5-2DD5FE4343C6}"
EndProject
Project("{2150E333-8FDC-42A3-9474-1A3956D46DE8}") = "3 - Test", "3 - Test", "{60442C34-0B26-4602-9F02-498E51F357B4}"
EndProject
Project("{FAE04EC0-301F-11D3-BF4B-00C04F79EFBC}") = "JDI.Game.Test.Run", "JDI.Game.Test.Run\JDI.Game.Test.Run.csproj", "{E65BAC3A-6FFE-4070-A1B5-AAB09F757F5E}"
EndProject
Project("{2150E333-8FDC-42A3-9474-1A3956D46DE8}") = "1 - Infrastructure", "1 - Infrastructure", "{A5DD7CE7-7E6A-403D-BDEB-93B4F20709C2}"
EndProject
Project("{FAE04EC0-301F-11D3-BF4B-00C04F79EFBC}") = "JDI.Utility", "JDI.Utility\JDI.Utility.csproj", "{94A978EA-939C-417B-A04C-08FEC3C619C6}"
EndProject
Project("{FAE04EC0-301F-11D3-BF4B-00C04F79EFBC}") = "JDI.Game.Common", "JDI.Game.Common\JDI.Game.Common.csproj", "{869D7F4B-A531-40BA-B836-E00C1D44A803}"
EndProject
Project("{FAE04EC0-301F-11D3-BF4B-00C04F79EFBC}") = "JDI.Game.Owin.Log", "JDI.Game.Owin.Log\JDI.Game.Owin.Log.csproj", "{67EA3FCF-FEFC-4BBB-B833-AADBB468412C}"
EndProject
Global
	GlobalSection(SolutionConfigurationPlatforms) = preSolution
		Debug|Any CPU = Debug|Any CPU
		Release|Any CPU = Release|Any CPU
	EndGlobalSection
	GlobalSection(ProjectConfigurationPlatforms) = postSolution
		{5AE2E99F-3ACE-4743-AE99-FA8BFDBB0DF5}.Debug|Any CPU.ActiveCfg = Debug|Any CPU
		{5AE2E99F-3ACE-4743-AE99-FA8BFDBB0DF5}.Debug|Any CPU.Build.0 = Debug|Any CPU
		{5AE2E99F-3ACE-4743-AE99-FA8BFDBB0DF5}.Release|Any CPU.ActiveCfg = Release|Any CPU
		{5AE2E99F-3ACE-4743-AE99-FA8BFDBB0DF5}.Release|Any CPU.Build.0 = Release|Any CPU
		{780CCF2E-2118-409B-A70A-AFF4F0521420}.Debug|Any CPU.ActiveCfg = Debug|Any CPU
		{780CCF2E-2118-409B-A70A-AFF4F0521420}.Debug|Any CPU.Build.0 = Debug|Any CPU
		{780CCF2E-2118-409B-A70A-AFF4F0521420}.Release|Any CPU.ActiveCfg = Release|Any CPU
		{780CCF2E-2118-409B-A70A-AFF4F0521420}.Release|Any CPU.Build.0 = Release|Any CPU
		{A25A7943-95F0-4669-BE08-8FC81397E1BA}.Debug|Any CPU.ActiveCfg = Debug|Any CPU
		{A25A7943-95F0-4669-BE08-8FC81397E1BA}.Debug|Any CPU.Build.0 = Debug|Any CPU
		{A25A7943-95F0-4669-BE08-8FC81397E1BA}.Release|Any CPU.ActiveCfg = Release|Any CPU
		{A25A7943-95F0-4669-BE08-8FC81397E1BA}.Release|Any CPU.Build.0 = Release|Any CPU
		{EE7C3AB8-EDA0-4A49-AB54-E5F6A9A8FC53}.Debug|Any CPU.ActiveCfg = Debug|Any CPU
		{EE7C3AB8-EDA0-4A49-AB54-E5F6A9A8FC53}.Debug|Any CPU.Build.0 = Debug|Any CPU
		{EE7C3AB8-EDA0-4A49-AB54-E5F6A9A8FC53}.Release|Any CPU.ActiveCfg = Release|Any CPU
		{EE7C3AB8-EDA0-4A49-AB54-E5F6A9A8FC53}.Release|Any CPU.Build.0 = Release|Any CPU
		{04416C22-6BC1-4A46-A953-A9DCA0DF542F}.Debug|Any CPU.ActiveCfg = Debug|Any CPU
		{04416C22-6BC1-4A46-A953-A9DCA0DF542F}.Debug|Any CPU.Build.0 = Debug|Any CPU
		{04416C22-6BC1-4A46-A953-A9DCA0DF542F}.Release|Any CPU.ActiveCfg = Release|Any CPU
		{04416C22-6BC1-4A46-A953-A9DCA0DF542F}.Release|Any CPU.Build.0 = Release|Any CPU
		{7F869010-B06A-431A-9898-C99E1479A86E}.Debug|Any CPU.ActiveCfg = Debug|Any CPU
		{7F869010-B06A-431A-9898-C99E1479A86E}.Debug|Any CPU.Build.0 = Debug|Any CPU
		{7F869010-B06A-431A-9898-C99E1479A86E}.Release|Any CPU.ActiveCfg = Release|Any CPU
		{7F869010-B06A-431A-9898-C99E1479A86E}.Release|Any CPU.Build.0 = Release|Any CPU
		{2BB47097-C2C5-4EAF-A35C-FE34CCF668E4}.Debug|Any CPU.ActiveCfg = Debug|Any CPU
		{2BB47097-C2C5-4EAF-A35C-FE34CCF668E4}.Debug|Any CPU.Build.0 = Debug|Any CPU
		{2BB47097-C2C5-4EAF-A35C-FE34CCF668E4}.Release|Any CPU.ActiveCfg = Release|Any CPU
		{2BB47097-C2C5-4EAF-A35C-FE34CCF668E4}.Release|Any CPU.Build.0 = Release|Any CPU
		{F7890C31-27E1-4040-8DA5-2DD5FE4343C6}.Debug|Any CPU.ActiveCfg = Debug|Any CPU
		{F7890C31-27E1-4040-8DA5-2DD5FE4343C6}.Debug|Any CPU.Build.0 = Debug|Any CPU
		{F7890C31-27E1-4040-8DA5-2DD5FE4343C6}.Release|Any CPU.ActiveCfg = Release|Any CPU
		{F7890C31-27E1-4040-8DA5-2DD5FE4343C6}.Release|Any CPU.Build.0 = Release|Any CPU
		{E65BAC3A-6FFE-4070-A1B5-AAB09F757F5E}.Debug|Any CPU.ActiveCfg = Debug|Any CPU
		{E65BAC3A-6FFE-4070-A1B5-AAB09F757F5E}.Debug|Any CPU.Build.0 = Debug|Any CPU
		{E65BAC3A-6FFE-4070-A1B5-AAB09F757F5E}.Release|Any CPU.ActiveCfg = Release|Any CPU
		{E65BAC3A-6FFE-4070-A1B5-AAB09F757F5E}.Release|Any CPU.Build.0 = Release|Any CPU
		{94A978EA-939C-417B-A04C-08FEC3C619C6}.Debug|Any CPU.ActiveCfg = Debug|Any CPU
		{94A978EA-939C-417B-A04C-08FEC3C619C6}.Debug|Any CPU.Build.0 = Debug|Any CPU
		{94A978EA-939C-417B-A04C-08FEC3C619C6}.Release|Any CPU.ActiveCfg = Release|Any CPU
		{94A978EA-939C-417B-A04C-08FEC3C619C6}.Release|Any CPU.Build.0 = Release|Any CPU
		{869D7F4B-A531-40BA-B836-E00C1D44A803}.Debug|Any CPU.ActiveCfg = Debug|Any CPU
		{869D7F4B-A531-40BA-B836-E00C1D44A803}.Debug|Any CPU.Build.0 = Debug|Any CPU
		{869D7F4B-A531-40BA-B836-E00C1D44A803}.Release|Any CPU.ActiveCfg = Release|Any CPU
		{869D7F4B-A531-40BA-B836-E00C1D44A803}.Release|Any CPU.Build.0 = Release|Any CPU
		{67EA3FCF-FEFC-4BBB-B833-AADBB468412C}.Debug|Any CPU.ActiveCfg = Debug|Any CPU
		{67EA3FCF-FEFC-4BBB-B833-AADBB468412C}.Debug|Any CPU.Build.0 = Debug|Any CPU
		{67EA3FCF-FEFC-4BBB-B833-AADBB468412C}.Release|Any CPU.ActiveCfg = Release|Any CPU
		{67EA3FCF-FEFC-4BBB-B833-AADBB468412C}.Release|Any CPU.Build.0 = Release|Any CPU
	EndGlobalSection
	GlobalSection(SolutionProperties) = preSolution
		HideSolutionNode = FALSE
	EndGlobalSection
	GlobalSection(NestedProjects) = preSolution
		{906966B1-85C1-42BA-B340-8B5D226E8021} = {0C14F2E0-5A64-471A-9B74-7D19E387604C}
		{6501032A-44CC-4103-A9EB-2DE344B7F337} = {0C14F2E0-5A64-471A-9B74-7D19E387604C}
		{07D667E3-8B8C-4FAE-988F-23C416E5AD29} = {4301DB85-02AC-4CDC-B918-4189B237D22F}
		{F1322F86-597F-49AC-86D9-AEC09341107F} = {4301DB85-02AC-4CDC-B918-4189B237D22F}
		{66A37AED-9E17-41FD-92DC-1876A1D7E89D} = {4301DB85-02AC-4CDC-B918-4189B237D22F}
		{F94DBF63-9C22-4FDE-A28F-84AA8DB69B2D} = {4301DB85-02AC-4CDC-B918-4189B237D22F}
		{737339E1-B406-4278-ADAE-2171A0EFDCBC} = {4301DB85-02AC-4CDC-B918-4189B237D22F}
		{5AE2E99F-3ACE-4743-AE99-FA8BFDBB0DF5} = {66A37AED-9E17-41FD-92DC-1876A1D7E89D}
		{780CCF2E-2118-409B-A70A-AFF4F0521420} = {737339E1-B406-4278-ADAE-2171A0EFDCBC}
		{A25A7943-95F0-4669-BE08-8FC81397E1BA} = {F94DBF63-9C22-4FDE-A28F-84AA8DB69B2D}
		{EE7C3AB8-EDA0-4A49-AB54-E5F6A9A8FC53} = {07D667E3-8B8C-4FAE-988F-23C416E5AD29}
		{04416C22-6BC1-4A46-A953-A9DCA0DF542F} = {F1322F86-597F-49AC-86D9-AEC09341107F}
		{7F869010-B06A-431A-9898-C99E1479A86E} = {906966B1-85C1-42BA-B340-8B5D226E8021}
		{2BB47097-C2C5-4EAF-A35C-FE34CCF668E4} = {6501032A-44CC-4103-A9EB-2DE344B7F337}
		{AC34F373-EE36-4C16-BACB-85CEEB8D0987} = {4301DB85-02AC-4CDC-B918-4189B237D22F}
		{F7890C31-27E1-4040-8DA5-2DD5FE4343C6} = {AC34F373-EE36-4C16-BACB-85CEEB8D0987}
		{E65BAC3A-6FFE-4070-A1B5-AAB09F757F5E} = {60442C34-0B26-4602-9F02-498E51F357B4}
		{94A978EA-939C-417B-A04C-08FEC3C619C6} = {A5DD7CE7-7E6A-403D-BDEB-93B4F20709C2}
		{869D7F4B-A531-40BA-B836-E00C1D44A803} = {A5DD7CE7-7E6A-403D-BDEB-93B4F20709C2}
		{67EA3FCF-FEFC-4BBB-B833-AADBB468412C} = {A5DD7CE7-7E6A-403D-BDEB-93B4F20709C2}
	EndGlobalSection
EndGlobal
